// !$*UTF8*$!
{
	archiveVersion = 1;
	classes = {
	};
	objectVersion = 46;
	objects = {

/* Begin PBXBuildFile section */
		0F9D0A051CF68EF3002DF0BD /* main.m in Sources */ = {isa = PBXBuildFile; fileRef = 0F9D0A041CF68EF3002DF0BD /* main.m */; };
		0F9D0A081CF68EF3002DF0BD /* AppDelegate.m in Sources */ = {isa = PBXBuildFile; fileRef = 0F9D0A071CF68EF3002DF0BD /* AppDelegate.m */; };
		0F9D0A0B1CF68EF3002DF0BD /* ViewController.m in Sources */ = {isa = PBXBuildFile; fileRef = 0F9D0A0A1CF68EF3002DF0BD /* ViewController.m */; };
		0F9D0A0E1CF68EF3002DF0BD /* Main.storyboard in Resources */ = {isa = PBXBuildFile; fileRef = 0F9D0A0C1CF68EF3002DF0BD /* Main.storyboard */; };
		0F9D0A101CF68EF3002DF0BD /* Assets.xcassets in Resources */ = {isa = PBXBuildFile; fileRef = 0F9D0A0F1CF68EF3002DF0BD /* Assets.xcassets */; };
		0F9D0A131CF68EF3002DF0BD /* LaunchScreen.storyboard in Resources */ = {isa = PBXBuildFile; fileRef = 0F9D0A111CF68EF3002DF0BD /* LaunchScreen.storyboard */; };
		0F9D0A1C1CF68F08002DF0BD /* QZPAlertView.m in Sources */ = {isa = PBXBuildFile; fileRef = 0F9D0A1B1CF68F08002DF0BD /* QZPAlertView.m */; };
/* End PBXBuildFile section */

/* Begin PBXFileReference section */
		0F9D0A001CF68EF3002DF0BD /* QAlert.app */ = {isa = PBXFileReference; explicitFileType = wrapper.application; includeInIndex = 0; path = QAlert.app; sourceTree = BUILT_PRODUCTS_DIR; };
		0F9D0A041CF68EF3002DF0BD /* main.m */ = {isa = PBXFileReference; lastKnownFileType = sourcecode.c.objc; path = main.m; sourceTree = "<group>"; };
		0F9D0A061CF68EF3002DF0BD /* AppDelegate.h */ = {isa = PBXFileReference; lastKnownFileType = sourcecode.c.h; path = AppDelegate.h; sourceTree = "<group>"; };
		0F9D0A071CF68EF3002DF0BD /* AppDelegate.m */ = {isa = PBXFileReference; lastKnownFileType = sourcecode.c.objc; path = AppDelegate.m; sourceTree = "<group>"; };
		0F9D0A091CF68EF3002DF0BD /* ViewController.h */ = {isa = PBXFileReference; lastKnownFileType = sourcecode.c.h; path = ViewController.h; sourceTree = "<group>"; };
		0F9D0A0A1CF68EF3002DF0BD /* ViewController.m */ = {isa = PBXFileReference; lastKnownFileType = sourcecode.c.objc; path = ViewController.m; sourceTree = "<group>"; };
		0F9D0A0D1CF68EF3002DF0BD /* Base */ = {isa = PBXFileReference; lastKnownFileType = file.storyboard; name = Base; path = Base.lproj/Main.storyboard; sourceTree = "<group>"; };
		0F9D0A0F1CF68EF3002DF0BD /* Assets.xcassets */ = {isa = PBXFileReference; lastKnownFileType = folder.assetcatalog; path = Assets.xcassets; sourceTree = "<group>"; };
		0F9D0A121CF68EF3002DF0BD /* Base */ = {isa = PBXFileReference; lastKnownFileType = file.storyboard; name = Base; path = Base.lproj/LaunchScreen.storyboard; sourceTree = "<group>"; };
		0F9D0A141CF68EF3002DF0BD /* Info.plist */ = {isa = PBXFileReference; lastKnownFileType = text.plist.xml; path = Info.plist; sourceTree = "<group>"; };
		0F9D0A1A1CF68F08002DF0BD /* QZPAlertView.h */ = {isa = PBXFileReference; fileEncoding = 4; lastKnownFileType = sourcecode.c.h; path = QZPAlertView.h; sourceTree = "<group>"; };
		0F9D0A1B1CF68F08002DF0BD /* QZPAlertView.m */ = {isa = PBXFileReference; fileEncoding = 4; lastKnownFileType = sourcecode.c.objc; path = QZPAlertView.m; sourceTree = "<group>"; };
/* End PBXFileReference section */

/* Begin PBXFrameworksBuildPhase section */
		0F9D09FD1CF68EF3002DF0BD /* Frameworks */ = {
			isa = PBXFrameworksBuildPhase;
			buildActionMask = 2147483647;
			files = (
			);
			runOnlyForDeploymentPostprocessing = 0;
		};
/* End PBXFrameworksBuildPhase section */

/* Begin PBXGroup section */
		0F9D09F71CF68EF3002DF0BD = {
			isa = PBXGroup;
			children = (
				0F9D0A021CF68EF3002DF0BD /* QAlert */,
				0F9D0A011CF68EF3002DF0BD /* Products */,
			);
			sourceTree = "<group>";
		};
		0F9D0A011CF68EF3002DF0BD /* Products */ = {
			isa = PBXGroup;
			children = (
				0F9D0A001CF68EF3002DF0BD /* QAlert.app */,
			);
			name = Products;
			sourceTree = "<group>";
		};
		0F9D0A021CF68EF3002DF0BD /* QAlert */ = {
			isa = PBXGroup;
			children = (
				0F9D0A061CF68EF3002DF0BD /* AppDelegate.h */,
				0F9D0A071CF68EF3002DF0BD /* AppDelegate.m */,
				0F9D0A091CF68EF3002DF0BD /* ViewController.h */,
				0F9D0A0A1CF68EF3002DF0BD /* ViewController.m */,
				0F9D0A0C1CF68EF3002DF0BD /* Main.storyboard */,
				0F9D0A0F1CF68EF3002DF0BD /* Assets.xcassets */,
				0F9D0A111CF68EF3002DF0BD /* LaunchScreen.storyboard */,
				0F9D0A141CF68EF3002DF0BD /* Info.plist */,
				0F9D0A031CF68EF3002DF0BD /* Supporting Files */,
				0F9D0A1A1CF68F08002DF0BD /* QZPAlertView.h */,
				0F9D0A1B1CF68F08002DF0BD /* QZPAlertView.m */,
			);
			path = QAlert;
			sourceTree = "<group>";
		};
		0F9D0A031CF68EF3002DF0BD /* Supporting Files */ = {
			isa = PBXGroup;
			children = (
				0F9D0A041CF68EF3002DF0BD /* main.m */,
			);
			name = "Supporting Files";
			sourceTree = "<group>";
		};
/* End PBXGroup section */

/* Begin PBXNativeTarget section */
		0F9D09FF1CF68EF3002DF0BD /* QAlert */ = {
			isa = PBXNativeTarget;
			buildConfigurationList = 0F9D0A171CF68EF3002DF0BD /* Build configuration list for PBXNativeTarget "QAlert" */;
			buildPhases = (
				0F9D09FC1CF68EF3002DF0BD /* Sources */,
				0F9D09FD1CF68EF3002DF0BD /* Frameworks */,
				0F9D09FE1CF68EF3002DF0BD /* Resources */,
			);
			buildRules = (
			);
			dependencies = (
			);
			name = QAlert;
			productName = QAlert;
			productReference = 0F9D0A001CF68EF3002DF0BD /* QAlert.app */;
			productType = "com.apple.product-type.application";
		};
/* End PBXNativeTarget section */

/* Begin PBXProject section */
		0F9D09F81CF68EF3002DF0BD /* Project object */ = {
			isa = PBXProject;
			attributes = {
				LastUpgradeCheck = 0730;
				ORGANIZATIONNAME = qzp;
				TargetAttributes = {
					0F9D09FF1CF68EF3002DF0BD = {
						CreatedOnToolsVersion = 7.3;
					};
				};
			};
			buildConfigurationList = 0F9D09FB1CF68EF3002DF0BD /* Build configuration list for PBXProject "QAlert" */;
			compatibilityVersion = "Xcode 3.2";
			developmentRegion = English;
			hasScannedForEncodings = 0;
			knownRegions = (
				en,
				Base,
			);
			mainGroup = 0F9D09F71CF68EF3002DF0BD;
			productRefGroup = 0F9D0A011CF68EF3002DF0BD /* Products */;
			projectDirPath = "";
			projectRoot = "";
			targets = (
				0F9D09FF1CF68EF3002DF0BD /* QAlert */,
			);
		};
/* End PBXProject section */

/* Begin PBXResourcesBuildPhase section */
		0F9D09FE1CF68EF3002DF0BD /* Resources */ = {
			isa = PBXResourcesBuildPhase;
			buildActionMask = 2147483647;
			files = (
				0F9D0A131CF68EF3002DF0BD /* LaunchScreen.storyboard in Resources */,
				0F9D0A101CF68EF3002DF0BD /* Assets.xcassets in Resources */,
				0F9D0A0E1CF68EF3002DF0BD /* Main.storyboard in Resources */,
			);
			runOnlyForDeploymentPostprocessing = 0;
		};
/* End PBXResourcesBuildPhase section */

/* Begin PBXSourcesBuildPhase section */
		0F9D09FC1CF68EF3002DF0BD /* Sources */ = {
			isa = PBXSourcesBuildPhase;
			buildActionMask = 2147483647;
			files = (
				0F9D0A0B1CF68EF3002DF0BD /* ViewController.m in Sources */,
				0F9D0A081CF68EF3002DF0BD /* AppDelegate.m in Sources */,
				0F9D0A051CF68EF3002DF0BD /* main.m in Sources */,
				0F9D0A1C1CF68F08002DF0BD /* QZPAlertView.m in Sources */,
			);
			runOnlyForDeploymentPostprocessing = 0;
		};
/* End PBXSourcesBuildPhase section */

/* Begin PBXVariantGroup section */
		0F9D0A0C1CF68EF3002DF0BD /* Main.storyboard */ = {
			isa = PBXVariantGroup;
			children = (
				0F9D0A0D1CF68EF3002DF0BD /* Base */,
			);
			name = Main.storyboard;
			sourceTree = "<group>";
		};
		0F9D0A111CF68EF3002DF0BD /* LaunchScreen.storyboard */ = {
			isa = PBXVariantGroup;
			children = (
				0F9D0A121CF68EF3002DF0BD /* Base */,
			);
			name = LaunchScreen.storyboard;
			sourceTree = "<group>";
		};
/* End PBXVariantGroup section */

/* Begin XCBuildConfiguration section */
		0F9D0A151CF68EF3002DF0BD /* Debug */ = {
			isa = XCBuildConfiguration;
			buildSettings = {
				ALWAYS_SEARCH_USER_PATHS = NO;
				CLANG_ANALYZER_NONNULL = YES;
				CLANG_CXX_LANGUAGE_STANDARD = "gnu++0x";
				CLANG_CXX_LIBRARY = "libc++";
				CLANG_ENABLE_MODULES = YES;
				CLANG_ENABLE_OBJC_ARC = YES;
				CLANG_WARN_BOOL_CONVERSION = YES;
				CLANG_WARN_CONSTANT_CONVERSION = YES;
				CLANG_WARN_DIRECT_OBJC_ISA_USAGE = YES_ERROR;
				CLANG_WARN_EMPTY_BODY = YES;
				CLANG_WARN_ENUM_CONVERSION = YES;
				CLANG_WARN_INT_CONVERSION = YES;
				CLANG_WARN_OBJC_ROOT_CLASS = YES_ERROR;
				CLANG_WARN_UNREACHABLE_CODE = YES;
				CLANG_WARN__DUPLICATE_METHOD_MATCH = YES;
				"CODE_SIGN_IDENTITY[sdk=iphoneos*]" = "iPhone Developer";
				COPY_PHASE_STRIP = NO;
				DEBUG_INFORMATION_FORMAT = dwarf;
				ENABLE_STRICT_OBJC_MSGSEND = YES;
				ENABLE_TESTABILITY = YES;
				GCC_C_LANGUAGE_STANDARD = gnu99;
				GCC_DYNAMIC_NO_PIC = NO;
				GCC_NO_COMMON_BLOCKS = YES;
				GCC_OPTIMIZATION_LEVEL = 0;
				GCC_PREPROCESSOR_DEFINITIONS = (
					"DEBUG=1",
					"$(inherited)",
				);
				GCC_WARN_64_TO_32_BIT_CONVERSION = YES;
				GCC_WARN_ABOUT_RETURN_TYPE = YES_ERROR;
				GCC_WARN_UNDECLARED_SELECTOR = YES;
				GCC_WARN_UNINITIALIZED_AUTOS = YES_AGGRESSIVE;
				GCC_WARN_UNUSED_FUNCTION = YES;
				GCC_WARN_UNUSED_VARIABLE = YES;
				IPHONEOS_DEPLOYMENT_TARGET = 9.3;
				MTL_ENABLE_DEBUG_INFO = YES;
				ONLY_ACTIVE_ARCH = YES;
				SDKROOT = iphoneos;
			};
			name = Debug;
		};
		0F9D0A161CF68EF3002DF0BD /* Release */ = {
			isa = XCBuildConfiguration;
			buildSettings = {
				ALWAYS_SEARCH_USER_PATHS = NO;
				CLANG_ANALYZER_NONNULL = YES;
				CLANG_CXX_LANGUAGE_STANDARD = "gnu++0x";
				CLANG_CXX_LIBRARY = "libc++";
				CLANG_ENABLE_MODULES = YES;
				CLANG_ENABLE_OBJC_ARC = YES;
				CLANG_WARN_BOOL_CONVERSION = YES;
				CLANG_WARN_CONSTANT_CONVERSION = YES;
				CLANG_WARN_DIRECT_OBJC_ISA_USAGE = YES_ERROR;
				CLANG_WARN_EMPTY_BODY = YES;
				CLANG_WARN_ENUM_CONVERSION = YES;
				CLANG_WARN_INT_CONVERSION = YES;
				CLANG_WARN_OBJC_ROOT_CLASS = YES_ERROR;
				CLANG_WARN_UNREACHABLE_CODE = YES;
				CLANG_WARN__DUPLICATE_METHOD_MATCH = YES;
				"CODE_SIGN_IDENTITY[sdk=iphoneos*]" = "iPhone Developer";
				COPY_PHASE_STRIP = NO;
				DEBUG_INFORMATION_FORMAT = "dwarf-with-dsym";
				ENABLE_NS_ASSERTIONS = NO;
				ENABLE_STRICT_OBJC_MSGSEND = YES;
				GCC_C_LANGUAGE_STANDARD = gnu99;
				GCC_NO_COMMON_BLOCKS = YES;
				GCC_WARN_64_TO_32_BIT_CONVERSION = YES;
				GCC_WARN_ABOUT_RETURN_TYPE = YES_ERROR;
				GCC_WARN_UNDECLARED_SELECTOR = YES;
				GCC_WARN_UNINITIALIZED_AUTOS = YES_AGGRESSIVE;
				GCC_WARN_UNUSED_FUNCTION = YES;
				GCC_WARN_UNUSED_VARIABLE = YES;
				IPHONEOS_DEPLOYMENT_TARGET = 9.3;
				MTL_ENABLE_DEBUG_INFO = NO;
				SDKROOT = iphoneos;
				VALIDATE_PRODUCT = YES;
			};
			name = Release;
		};
		0F9D0A181CF68EF3002DF0BD /* Debug */ = {
			isa = XCBuildConfiguration;
			buildSettings = {
				ASSETCATALOG_COMPILER_APPICON_NAME = AppIcon;
				INFOPLIST_FILE = QAlert/Info.plist;
				LD_RUNPATH_SEARCH_PATHS = "$(inherited) @executable_path/Frameworks";
				PRODUCT_BUNDLE_IDENTIFIER = com.qzp.QAlert;
				PRODUCT_NAME = "$(TARGET_NAME)";
			};
			name = Debug;
		};
		0F9D0A191CF68EF3002DF0BD /* Release */ = {
			isa = XCBuildConfiguration;
			buildSettings = {
				ASSETCATALOG_COMPILER_APPICON_NAME = AppIcon;
				INFOPLIST_FILE = QAlert/Info.plist;
				LD_RUNPATH_SEARCH_PATHS = "$(inherited) @executable_path/Frameworks";
				PRODUCT_BUNDLE_IDENTIFIER = com.qzp.QAlert;
				PRODUCT_NAME = "$(TARGET_NAME)";
			};
			name = Release;
		};
/* End XCBuildConfiguration section */

/* Begin XCConfigurationList section */
		0F9D09FB1CF68EF3002DF0BD /* Build configuration list for PBXProject "QAlert" */ = {
			isa = XCConfigurationList;
			buildConfigurations = (
				0F9D0A151CF68EF3002DF0BD /* Debug */,
				0F9D0A161CF68EF3002DF0BD /* Release */,
			);
			defaultConfigurationIsVisible = 0;
			defaultConfigurationName = Release;
		};
		0F9D0A171CF68EF3002DF0BD /* Build configuration list for PBXNativeTarget "QAlert" */ = {
			isa = XCConfigurationList;
			buildConfigurations = (
				0F9D0A181CF68EF3002DF0BD /* Debug */,
				0F9D0A191CF68EF3002DF0BD /* Release */,
			);
			defaultConfigurationIsVisible = 0;
		};
/* End XCConfigurationList section */
	};
	rootObject = 0F9D09F81CF68EF3002DF0BD /* Project object */;
}
